
Microsoft Visual Studio Solution File, Format Version 12.00
# Visual Studio Version 17
VisualStudioVersion = 17.4.33205.214
MinimumVisualStudioVersion = 10.0.40219.1
Project("{FAE04EC0-301F-11D3-BF4B-00C04F79EFBC}") = "1215", "1215.csproj", "{58FDD31C-405C-4283-8AD8-FD97B260AE90}"
EndProject
Global
	GlobalSection(SolutionConfigurationPlatforms) = preSolution
		Debug|Any CPU = Debug|Any CPU
		Release|Any CPU = Release|Any CPU
	EndGlobalSection
	GlobalSection(ProjectConfigurationPlatforms) = postSolution
		{58FDD31C-405C-4283-8AD8-FD97B260AE90}.Debug|Any CPU.ActiveCfg = Debug|Any CPU
		{58FDD31C-405C-4283-8AD8-FD97B260AE90}.Debug|Any CPU.Build.0 = Debug|Any CPU
		{58FDD31C-405C-4283-8AD8-FD97B260AE90}.Release|Any CPU.ActiveCfg = Release|Any CPU
		{58FDD31C-405C-4283-8AD8-FD97B260AE90}.Release|Any CPU.Build.0 = Release|Any CPU
	EndGlobalSection
	GlobalSection(SolutionProperties) = preSolution
		HideSolutionNode = FALSE
	EndGlobalSection
	GlobalSection(ExtensibilityGlobals) = postSolution
		SolutionGuid = {156641D5-48BD-417D-A6C4-B13F61619761}
	EndGlobalSection
EndGlobal
